// !$*UTF8*$!
{
	archiveVersion = 1;
	classes = {
	};
	objectVersion = 60;
	objects = {

/* Begin PBXBuildFile section */
		DBEF62EC2C58BA1D004278F3 /* MainView.swift in Sources */ = {isa = PBXBuildFile; fileRef = DBEF62E92C58BA1D004278F3 /* MainView.swift */; };
		DBEF62ED2C58BA1D004278F3 /* PlaceAIApp.swift in Sources */ = {isa = PBXBuildFile; fileRef = DBEF62EA2C58BA1D004278F3 /* PlaceAIApp.swift */; };
		DBEF62EE2C58BA1D004278F3 /* Preview Assets.xcassets in Resources */ = {isa = PBXBuildFile; fileRef = DBEF62E62C58BA1D004278F3 /* Preview Assets.xcassets */; };
		DBEF62EF2C58BA1D004278F3 /* Assets.xcassets in Resources */ = {isa = PBXBuildFile; fileRef = DBEF62E82C58BA1D004278F3 /* Assets.xcassets */; };
		DBEF62F82C58BC49004278F3 /* Place.swift in Sources */ = {isa = PBXBuildFile; fileRef = DBEF62F72C58BC49004278F3 /* Place.swift */; };
		DBEF62FB2C58BCFE004278F3 /* APIServices.swift in Sources */ = {isa = PBXBuildFile; fileRef = DBEF62FA2C58BCFE004278F3 /* APIServices.swift */; };
		DBEF62FE2C58BD46004278F3 /* GoogleGenerativeAI in Frameworks */ = {isa = PBXBuildFile; productRef = DBEF62FD2C58BD46004278F3 /* GoogleGenerativeAI */; };
		DBEF63002C58C060004278F3 /* PlaceVM.swift in Sources */ = {isa = PBXBuildFile; fileRef = DBEF62FF2C58C05D004278F3 /* PlaceVM.swift */; };
		DBEF63022C58C1C9004278F3 /* PlaceView.swift in Sources */ = {isa = PBXBuildFile; fileRef = DBEF63012C58C1C9004278F3 /* PlaceView.swift */; };
/* End PBXBuildFile section */

/* Begin PBXFileReference section */
		DBEF62D22C58B9C9004278F3 /* PlaceAI.app */ = {isa = PBXFileReference; explicitFileType = wrapper.application; includeInIndex = 0; path = PlaceAI.app; sourceTree = BUILT_PRODUCTS_DIR; };
		DBEF62E62C58BA1D004278F3 /* Preview Assets.xcassets */ = {isa = PBXFileReference; lastKnownFileType = folder.assetcatalog; path = "Preview Assets.xcassets"; sourceTree = "<group>"; };
		DBEF62E82C58BA1D004278F3 /* Assets.xcassets */ = {isa = PBXFileReference; lastKnownFileType = folder.assetcatalog; path = Assets.xcassets; sourceTree = "<group>"; };
		DBEF62E92C58BA1D004278F3 /* MainView.swift */ = {isa = PBXFileReference; lastKnownFileType = sourcecode.swift; path = MainView.swift; sourceTree = "<group>"; };
		DBEF62EA2C58BA1D004278F3 /* PlaceAIApp.swift */ = {isa = PBXFileReference; lastKnownFileType = sourcecode.swift; path = PlaceAIApp.swift; sourceTree = "<group>"; };
		DBEF62F72C58BC49004278F3 /* Place.swift */ = {isa = PBXFileReference; lastKnownFileType = sourcecode.swift; path = Place.swift; sourceTree = "<group>"; };
		DBEF62FA2C58BCFE004278F3 /* APIServices.swift */ = {isa = PBXFileReference; lastKnownFileType = sourcecode.swift; path = APIServices.swift; sourceTree = "<group>"; };
		DBEF62FF2C58C05D004278F3 /* PlaceVM.swift */ = {isa = PBXFileReference; lastKnownFileType = sourcecode.swift; path = PlaceVM.swift; sourceTree = "<group>"; };
		DBEF63012C58C1C9004278F3 /* PlaceView.swift */ = {isa = PBXFileReference; lastKnownFileType = sourcecode.swift; path = PlaceView.swift; sourceTree = "<group>"; };
/* End PBXFileReference section */

/* Begin PBXFrameworksBuildPhase section */
		DBEF62CF2C58B9C9004278F3 /* Frameworks */ = {
			isa = PBXFrameworksBuildPhase;
			buildActionMask = 2147483647;
			files = (
				DBEF62FE2C58BD46004278F3 /* GoogleGenerativeAI in Frameworks */,
			);
			runOnlyForDeploymentPostprocessing = 0;
		};
/* End PBXFrameworksBuildPhase section */

/* Begin PBXGroup section */
		DBEF62C92C58B9C9004278F3 = {
			isa = PBXGroup;
			children = (
				DBEF62EB2C58BA1D004278F3 /* PlaceAI */,
				DBEF62D32C58B9C9004278F3 /* Products */,
			);
			sourceTree = "<group>";
		};
		DBEF62D32C58B9C9004278F3 /* Products */ = {
			isa = PBXGroup;
			children = (
				DBEF62D22C58B9C9004278F3 /* PlaceAI.app */,
			);
			name = Products;
			sourceTree = "<group>";
		};
		DBEF62E72C58BA1D004278F3 /* Preview Content */ = {
			isa = PBXGroup;
			children = (
				DBEF62E62C58BA1D004278F3 /* Preview Assets.xcassets */,
			);
			path = "Preview Content";
			sourceTree = "<group>";
		};
		DBEF62EB2C58BA1D004278F3 /* PlaceAI */ = {
			isa = PBXGroup;
			children = (
				DBEF62F92C58BCE7004278F3 /* Services */,
				DBEF62F62C58BC3E004278F3 /* Model */,
				DBEF62F22C58BA2B004278F3 /* Constant */,
				DBEF62F12C58BA25004278F3 /* ViewModel */,
				DBEF62F52C58BB63004278F3 /* App */,
				DBEF62F02C58BA20004278F3 /* View */,
				DBEF62E72C58BA1D004278F3 /* Preview Content */,
				DBEF62E82C58BA1D004278F3 /* Assets.xcassets */,
			);
			path = PlaceAI;
			sourceTree = "<group>";
		};
		DBEF62F02C58BA20004278F3 /* View */ = {
			isa = PBXGroup;
			children = (
				DBEF62E92C58BA1D004278F3 /* MainView.swift */,
				DBEF63012C58C1C9004278F3 /* PlaceView.swift */,
			);
			path = View;
			sourceTree = "<group>";
		};
		DBEF62F12C58BA25004278F3 /* ViewModel */ = {
			isa = PBXGroup;
			children = (
				DBEF62FF2C58C05D004278F3 /* PlaceVM.swift */,
			);
			path = ViewModel;
			sourceTree = "<group>";
		};
		DBEF62F22C58BA2B004278F3 /* Constant */ = {
			isa = PBXGroup;
			children = (
			);
			path = Constant;
			sourceTree = "<group>";
		};
		DBEF62F52C58BB63004278F3 /* App */ = {
			isa = PBXGroup;
			children = (
				DBEF62EA2C58BA1D004278F3 /* PlaceAIApp.swift */,
			);
			path = App;
			sourceTree = "<group>";
		};
		DBEF62F62C58BC3E004278F3 /* Model */ = {
			isa = PBXGroup;
			children = (
				DBEF62F72C58BC49004278F3 /* Place.swift */,
			);
			path = Model;
			sourceTree = "<group>";
		};
		DBEF62F92C58BCE7004278F3 /* Services */ = {
			isa = PBXGroup;
			children = (
				DBEF62FA2C58BCFE004278F3 /* APIServices.swift */,
			);
			path = Services;
			sourceTree = "<group>";
		};
/* End PBXGroup section */

/* Begin PBXNativeTarget section */
		DBEF62D12C58B9C9004278F3 /* PlaceAI */ = {
			isa = PBXNativeTarget;
			buildConfigurationList = DBEF62E02C58B9CA004278F3 /* Build configuration list for PBXNativeTarget "PlaceAI" */;
			buildPhases = (
				DBEF62CE2C58B9C9004278F3 /* Sources */,
				DBEF62CF2C58B9C9004278F3 /* Frameworks */,
				DBEF62D02C58B9C9004278F3 /* Resources */,
			);
			buildRules = (
			);
			dependencies = (
			);
			name = PlaceAI;
			packageProductDependencies = (
				DBEF62FD2C58BD46004278F3 /* GoogleGenerativeAI */,
			);
			productName = PlaceAI;
			productReference = DBEF62D22C58B9C9004278F3 /* PlaceAI.app */;
			productType = "com.apple.product-type.application";
		};
/* End PBXNativeTarget section */

/* Begin PBXProject section */
		DBEF62CA2C58B9C9004278F3 /* Project object */ = {
			isa = PBXProject;
			attributes = {
				BuildIndependentTargetsInParallel = 1;
				LastSwiftUpdateCheck = 1600;
				LastUpgradeCheck = 1600;
				TargetAttributes = {
					DBEF62D12C58B9C9004278F3 = {
						CreatedOnToolsVersion = 16.0;
					};
				};
			};
			buildConfigurationList = DBEF62CD2C58B9C9004278F3 /* Build configuration list for PBXProject "PlaceAI" */;
			compatibilityVersion = "Xcode 15.0";
			developmentRegion = en;
			hasScannedForEncodings = 0;
			knownRegions = (
				en,
				Base,
			);
			mainGroup = DBEF62C92C58B9C9004278F3;
			packageReferences = (
				DBEF62FC2C58BD46004278F3 /* XCRemoteSwiftPackageReference "generative-ai-swift" */,
			);
			productRefGroup = DBEF62D32C58B9C9004278F3 /* Products */;
			projectDirPath = "";
			projectRoot = "";
			targets = (
				DBEF62D12C58B9C9004278F3 /* PlaceAI */,
			);
		};
/* End PBXProject section */

/* Begin PBXResourcesBuildPhase section */
		DBEF62D02C58B9C9004278F3 /* Resources */ = {
			isa = PBXResourcesBuildPhase;
			buildActionMask = 2147483647;
			files = (
				DBEF62EE2C58BA1D004278F3 /* Preview Assets.xcassets in Resources */,
				DBEF62EF2C58BA1D004278F3 /* Assets.xcassets in Resources */,
			);
			runOnlyForDeploymentPostprocessing = 0;
		};
/* End PBXResourcesBuildPhase section */

/* Begin PBXSourcesBuildPhase section */
		DBEF62CE2C58B9C9004278F3 /* Sources */ = {
			isa = PBXSourcesBuildPhase;
			buildActionMask = 2147483647;
			files = (
				DBEF63022C58C1C9004278F3 /* PlaceView.swift in Sources */,
				DBEF62F82C58BC49004278F3 /* Place.swift in Sources */,
				DBEF62EC2C58BA1D004278F3 /* MainView.swift in Sources */,
				DBEF62FB2C58BCFE004278F3 /* APIServices.swift in Sources */,
				DBEF62ED2C58BA1D004278F3 /* PlaceAIApp.swift in Sources */,
				DBEF63002C58C060004278F3 /* PlaceVM.swift in Sources */,
			);
			runOnlyForDeploymentPostprocessing = 0;
		};
/* End PBXSourcesBuildPhase section */

/* Begin XCBuildConfiguration section */
		DBEF62DE2C58B9CA004278F3 /* Debug */ = {
			isa = XCBuildConfiguration;
			buildSettings = {
				ALWAYS_SEARCH_USER_PATHS = NO;
				ASSETCATALOG_COMPILER_GENERATE_SWIFT_ASSET_SYMBOL_EXTENSIONS = YES;
				CLANG_ANALYZER_NONNULL = YES;
				CLANG_ANALYZER_NUMBER_OBJECT_CONVERSION = YES_AGGRESSIVE;
				CLANG_CXX_LANGUAGE_STANDARD = "gnu++20";
				CLANG_ENABLE_MODULES = YES;
				CLANG_ENABLE_OBJC_ARC = YES;
				CLANG_ENABLE_OBJC_WEAK = YES;
				CLANG_WARN_BLOCK_CAPTURE_AUTORELEASING = YES;
				CLANG_WARN_BOOL_CONVERSION = YES;
				CLANG_WARN_COMMA = YES;
				CLANG_WARN_CONSTANT_CONVERSION = YES;
				CLANG_WARN_DEPRECATED_OBJC_IMPLEMENTATIONS = YES;
				CLANG_WARN_DIRECT_OBJC_ISA_USAGE = YES_ERROR;
				CLANG_WARN_DOCUMENTATION_COMMENTS = YES;
				CLANG_WARN_EMPTY_BODY = YES;
				CLANG_WARN_ENUM_CONVERSION = YES;
				CLANG_WARN_INFINITE_RECURSION = YES;
				CLANG_WARN_INT_CONVERSION = YES;
				CLANG_WARN_NON_LITERAL_NULL_CONVERSION = YES;
				CLANG_WARN_OBJC_IMPLICIT_RETAIN_SELF = YES;
				CLANG_WARN_OBJC_LITERAL_CONVERSION = YES;
				CLANG_WARN_OBJC_ROOT_CLASS = YES_ERROR;
				CLANG_WARN_QUOTED_INCLUDE_IN_FRAMEWORK_HEADER = YES;
				CLANG_WARN_RANGE_LOOP_ANALYSIS = YES;
				CLANG_WARN_STRICT_PROTOTYPES = YES;
				CLANG_WARN_SUSPICIOUS_MOVE = YES;
				CLANG_WARN_UNGUARDED_AVAILABILITY = YES_AGGRESSIVE;
				CLANG_WARN_UNREACHABLE_CODE = YES;
				CLANG_WARN__DUPLICATE_METHOD_MATCH = YES;
				COPY_PHASE_STRIP = NO;
				DEBUG_INFORMATION_FORMAT = dwarf;
				ENABLE_STRICT_OBJC_MSGSEND = YES;
				ENABLE_TESTABILITY = YES;
				ENABLE_USER_SCRIPT_SANDBOXING = YES;
				GCC_C_LANGUAGE_STANDARD = gnu17;
				GCC_DYNAMIC_NO_PIC = NO;
				GCC_NO_COMMON_BLOCKS = YES;
				GCC_OPTIMIZATION_LEVEL = 0;
				GCC_PREPROCESSOR_DEFINITIONS = (
					"DEBUG=1",
					"$(inherited)",
				);
				GCC_WARN_64_TO_32_BIT_CONVERSION = YES;
				GCC_WARN_ABOUT_RETURN_TYPE = YES_ERROR;
				GCC_WARN_UNDECLARED_SELECTOR = YES;
				GCC_WARN_UNINITIALIZED_AUTOS = YES_AGGRESSIVE;
				GCC_WARN_UNUSED_FUNCTION = YES;
				GCC_WARN_UNUSED_VARIABLE = YES;
				IPHONEOS_DEPLOYMENT_TARGET = 18.0;
				LOCALIZATION_PREFERS_STRING_CATALOGS = YES;
				MTL_ENABLE_DEBUG_INFO = INCLUDE_SOURCE;
				MTL_FAST_MATH = YES;
				ONLY_ACTIVE_ARCH = YES;
				SDKROOT = iphoneos;
				SWIFT_ACTIVE_COMPILATION_CONDITIONS = "DEBUG $(inherited)";
				SWIFT_OPTIMIZATION_LEVEL = "-Onone";
			};
			name = Debug;
		};
		DBEF62DF2C58B9CA004278F3 /* Release */ = {
			isa = XCBuildConfiguration;
			buildSettings = {
				ALWAYS_SEARCH_USER_PATHS = NO;
				ASSETCATALOG_COMPILER_GENERATE_SWIFT_ASSET_SYMBOL_EXTENSIONS = YES;
				CLANG_ANALYZER_NONNULL = YES;
				CLANG_ANALYZER_NUMBER_OBJECT_CONVERSION = YES_AGGRESSIVE;
				CLANG_CXX_LANGUAGE_STANDARD = "gnu++20";
				CLANG_ENABLE_MODULES = YES;
				CLANG_ENABLE_OBJC_ARC = YES;
				CLANG_ENABLE_OBJC_WEAK = YES;
				CLANG_WARN_BLOCK_CAPTURE_AUTORELEASING = YES;
				CLANG_WARN_BOOL_CONVERSION = YES;
				CLANG_WARN_COMMA = YES;
				CLANG_WARN_CONSTANT_CONVERSION = YES;
				CLANG_WARN_DEPRECATED_OBJC_IMPLEMENTATIONS = YES;
				CLANG_WARN_DIRECT_OBJC_ISA_USAGE = YES_ERROR;
				CLANG_WARN_DOCUMENTATION_COMMENTS = YES;
				CLANG_WARN_EMPTY_BODY = YES;
				CLANG_WARN_ENUM_CONVERSION = YES;
				CLANG_WARN_INFINITE_RECURSION = YES;
				CLANG_WARN_INT_CONVERSION = YES;
				CLANG_WARN_NON_LITERAL_NULL_CONVERSION = YES;
				CLANG_WARN_OBJC_IMPLICIT_RETAIN_SELF = YES;
				CLANG_WARN_OBJC_LITERAL_CONVERSION = YES;
				CLANG_WARN_OBJC_ROOT_CLASS = YES_ERROR;
				CLANG_WARN_QUOTED_INCLUDE_IN_FRAMEWORK_HEADER = YES;
				CLANG_WARN_RANGE_LOOP_ANALYSIS = YES;
				CLANG_WARN_STRICT_PROTOTYPES = YES;
				CLANG_WARN_SUSPICIOUS_MOVE = YES;
				CLANG_WARN_UNGUARDED_AVAILABILITY = YES_AGGRESSIVE;
				CLANG_WARN_UNREACHABLE_CODE = YES;
				CLANG_WARN__DUPLICATE_METHOD_MATCH = YES;
				COPY_PHASE_STRIP = NO;
				DEBUG_INFORMATION_FORMAT = "dwarf-with-dsym";
				ENABLE_NS_ASSERTIONS = NO;
				ENABLE_STRICT_OBJC_MSGSEND = YES;
				ENABLE_USER_SCRIPT_SANDBOXING = YES;
				GCC_C_LANGUAGE_STANDARD = gnu17;
				GCC_NO_COMMON_BLOCKS = YES;
				GCC_WARN_64_TO_32_BIT_CONVERSION = YES;
				GCC_WARN_ABOUT_RETURN_TYPE = YES_ERROR;
				GCC_WARN_UNDECLARED_SELECTOR = YES;
				GCC_WARN_UNINITIALIZED_AUTOS = YES_AGGRESSIVE;
				GCC_WARN_UNUSED_FUNCTION = YES;
				GCC_WARN_UNUSED_VARIABLE = YES;
				IPHONEOS_DEPLOYMENT_TARGET = 18.0;
				LOCALIZATION_PREFERS_STRING_CATALOGS = YES;
				MTL_ENABLE_DEBUG_INFO = NO;
				MTL_FAST_MATH = YES;
				SDKROOT = iphoneos;
				SWIFT_COMPILATION_MODE = wholemodule;
				VALIDATE_PRODUCT = YES;
			};
			name = Release;
		};
		DBEF62E12C58B9CA004278F3 /* Debug */ = {
			isa = XCBuildConfiguration;
			buildSettings = {
				ASSETCATALOG_COMPILER_APPICON_NAME = AppIcon;
				ASSETCATALOG_COMPILER_GLOBAL_ACCENT_COLOR_NAME = AccentColor;
				CODE_SIGN_STYLE = Automatic;
				CURRENT_PROJECT_VERSION = 1;
				DEVELOPMENT_ASSET_PATHS = "\"PlaceAI/Preview Content\"";
				DEVELOPMENT_TEAM = 77Q323D7ZJ;
				ENABLE_PREVIEWS = YES;
				GENERATE_INFOPLIST_FILE = YES;
				INFOPLIST_KEY_UIApplicationSceneManifest_Generation = YES;
				INFOPLIST_KEY_UIApplicationSupportsIndirectInputEvents = YES;
				INFOPLIST_KEY_UILaunchScreen_Generation = YES;
				INFOPLIST_KEY_UISupportedInterfaceOrientations_iPad = "UIInterfaceOrientationPortrait UIInterfaceOrientationPortraitUpsideDown UIInterfaceOrientationLandscapeLeft UIInterfaceOrientationLandscapeRight";
				INFOPLIST_KEY_UISupportedInterfaceOrientations_iPhone = "UIInterfaceOrientationPortrait UIInterfaceOrientationLandscapeLeft UIInterfaceOrientationLandscapeRight";
				LD_RUNPATH_SEARCH_PATHS = (
					"$(inherited)",
					"@executable_path/Frameworks",
				);
				MARKETING_VERSION = 1.0;
				PRODUCT_BUNDLE_IDENTIFIER = com.fancode.PlaceAI;
				PRODUCT_NAME = "$(TARGET_NAME)";
				SWIFT_EMIT_LOC_STRINGS = YES;
				SWIFT_VERSION = 5.0;
				TARGETED_DEVICE_FAMILY = "1,2";
			};
			name = Debug;
		};
		DBEF62E22C58B9CA004278F3 /* Release */ = {
			isa = XCBuildConfiguration;
			buildSettings = {
				ASSETCATALOG_COMPILER_APPICON_NAME = AppIcon;
				ASSETCATALOG_COMPILER_GLOBAL_ACCENT_COLOR_NAME = AccentColor;
				CODE_SIGN_STYLE = Automatic;
				CURRENT_PROJECT_VERSION = 1;
				DEVELOPMENT_ASSET_PATHS = "\"PlaceAI/Preview Content\"";
				DEVELOPMENT_TEAM = 77Q323D7ZJ;
				ENABLE_PREVIEWS = YES;
				GENERATE_INFOPLIST_FILE = YES;
				INFOPLIST_KEY_UIApplicationSceneManifest_Generation = YES;
				INFOPLIST_KEY_UIApplicationSupportsIndirectInputEvents = YES;
				INFOPLIST_KEY_UILaunchScreen_Generation = YES;
				INFOPLIST_KEY_UISupportedInterfaceOrientations_iPad = "UIInterfaceOrientationPortrait UIInterfaceOrientationPortraitUpsideDown UIInterfaceOrientationLandscapeLeft UIInterfaceOrientationLandscapeRight";
				INFOPLIST_KEY_UISupportedInterfaceOrientations_iPhone = "UIInterfaceOrientationPortrait UIInterfaceOrientationLandscapeLeft UIInterfaceOrientationLandscapeRight";
				LD_RUNPATH_SEARCH_PATHS = (
					"$(inherited)",
					"@executable_path/Frameworks",
				);
				MARKETING_VERSION = 1.0;
				PRODUCT_BUNDLE_IDENTIFIER = com.fancode.PlaceAI;
				PRODUCT_NAME = "$(TARGET_NAME)";
				SWIFT_EMIT_LOC_STRINGS = YES;
				SWIFT_VERSION = 5.0;
				TARGETED_DEVICE_FAMILY = "1,2";
			};
			name = Release;
		};
/* End XCBuildConfiguration section */

/* Begin XCConfigurationList section */
		DBEF62CD2C58B9C9004278F3 /* Build configuration list for PBXProject "PlaceAI" */ = {
			isa = XCConfigurationList;
			buildConfigurations = (
				DBEF62DE2C58B9CA004278F3 /* Debug */,
				DBEF62DF2C58B9CA004278F3 /* Release */,
			);
			defaultConfigurationIsVisible = 0;
			defaultConfigurationName = Release;
		};
		DBEF62E02C58B9CA004278F3 /* Build configuration list for PBXNativeTarget "PlaceAI" */ = {
			isa = XCConfigurationList;
			buildConfigurations = (
				DBEF62E12C58B9CA004278F3 /* Debug */,
				DBEF62E22C58B9CA004278F3 /* Release */,
			);
			defaultConfigurationIsVisible = 0;
			defaultConfigurationName = Release;
		};
/* End XCConfigurationList section */

/* Begin XCRemoteSwiftPackageReference section */
		DBEF62FC2C58BD46004278F3 /* XCRemoteSwiftPackageReference "generative-ai-swift" */ = {
			isa = XCRemoteSwiftPackageReference;
			repositoryURL = "https://github.com/google/generative-ai-swift.git";
			requirement = {
				kind = upToNextMajorVersion;
				minimumVersion = 0.5.4;
			};
		};
/* End XCRemoteSwiftPackageReference section */

/* Begin XCSwiftPackageProductDependency section */
		DBEF62FD2C58BD46004278F3 /* GoogleGenerativeAI */ = {
			isa = XCSwiftPackageProductDependency;
			package = DBEF62FC2C58BD46004278F3 /* XCRemoteSwiftPackageReference "generative-ai-swift" */;
			productName = GoogleGenerativeAI;
		};
/* End XCSwiftPackageProductDependency section */
	};
	rootObject = DBEF62CA2C58B9C9004278F3 /* Project object */;
}
